{
  "version": "3",
  "remote": {
    "https://deno.land/x/froebel@v0.21.3/atWrap.ts": "3da049e47520810075b9eb8f2386c3bf457166ee222dd1625ec8a317a6bc999a",
    "https://deno.land/x/froebel@v0.21.3/batch.ts": "56ffce607771ff01ac17411698609b9dea7fd74d675d3eef384a11727450802b",
    "https://deno.land/x/froebel@v0.21.3/bimap.ts": "fbe24d36fe27cabd4d80ddea6c9777e4fffceda80a704ef088e7963cbfe17f03",
    "https://deno.land/x/froebel@v0.21.3/bundle.ts": "b6798d6c38db7fa679485764f785cae1286cc272f183e33f0ea33f85db38ddd5",
    "https://deno.land/x/froebel@v0.21.3/callAll.ts": "fc615879e315b6b9e2411766dd3c4e8ab99954d47b0d8ad8cad4a265769a8520",
    "https://deno.land/x/froebel@v0.21.3/case.ts": "3d55274f6aa84f15863cde9d551dae069229949d9f0f6c69fb74bb15b900da9c",
    "https://deno.land/x/froebel@v0.21.3/clamp.ts": "1b1e8c59a104ccbc6ab445530ed39d32706f5c4ec961bdcfc06277a52ed450a3",
    "https://deno.land/x/froebel@v0.21.3/clone.ts": "8822cd9785aabcde1955c3f0bdd5a30ed4af7c2687aed78156b697812aada919",
    "https://deno.land/x/froebel@v0.21.3/debounce.ts": "ee1446cd09b0b9b812474ac883d4fb71ccc195b16641d8702f57143138802363",
    "https://deno.land/x/froebel@v0.21.3/ds.ts": "9da2f66558384a779ae5585ea922ebc5073e773156d9a9035df7307c85954bf2",
    "https://deno.land/x/froebel@v0.21.3/equal.ts": "917e1a8d7413b534ad69fbaeb569cb44c9b00775554dea024eb20e85d0715b0f",
    "https://deno.land/x/froebel@v0.21.3/equality.ts": "cb790a2b4c2f33ae93903597e23036ced4ca1f0caff72b307db1d616418dc274",
    "https://deno.land/x/froebel@v0.21.3/error.ts": "ad357711864ae5ae49d018b0677d2ad7f9be303b5c04b1e5c9013246206658e9",
    "https://deno.land/x/froebel@v0.21.3/except.ts": "70de1c5794e4993e5d93f44945d38ae99bab1e50cf10ab267e1e7df99cef754b",
    "https://deno.land/x/froebel@v0.21.3/forward.ts": "cbddaea3eaed4c58bc8e810407b0f9b5c1a8a03750343638045d46de535bce71",
    "https://deno.land/x/froebel@v0.21.3/function.ts": "0aedd7ea4eaa464dbd2db8f31a0da2e323b617e8fac38b01d697d1d80272948b",
    "https://deno.land/x/froebel@v0.21.3/ident.ts": "14d89ffa771619713de4fa7d2ce109b1ebff6fd49c7b43f55040517efd34dcf9",
    "https://deno.land/x/froebel@v0.21.3/invoke.ts": "162ae5183e0aea35c289335d49b723e4fc48406e691bea4b4de544b5739ee0dc",
    "https://deno.land/x/froebel@v0.21.3/isPromise.ts": "3acbd0afff1910a4773a07617eaacf2d0ba1696357bde79a3938703078e75a04",
    "https://deno.land/x/froebel@v0.21.3/iterable.ts": "3f7a4c28e79e16b4b8df6a97beb20011bb4ab1734990470c36d4e14090288999",
    "https://deno.land/x/froebel@v0.21.3/list.ts": "6579c2fb392b43ec09438e6fdd9c2f33742727857f2262b2914b4c33d071b519",
    "https://deno.land/x/froebel@v0.21.3/map.ts": "989f46abeafbe5b2bc94c33045d34722d06c091af97486574761f21559501b3f",
    "https://deno.land/x/froebel@v0.21.3/math.ts": "ac5efcfbde26e0c935135a49079bc981f8fd3c8f1450e7b336221605bd228983",
    "https://deno.land/x/froebel@v0.21.3/memoize.ts": "07b3f09e866db27086e478f7022f9a4a1f04789301bfc5e93df112f393ad6da2",
    "https://deno.land/x/froebel@v0.21.3/mod.ts": "811470fe09329852176ffe5d1fbd79bfcfb265a4db97da1ce99211eb07855e50",
    "https://deno.land/x/froebel@v0.21.3/noop.ts": "f60e6390936a140d5f3abaa7042b23e9ca170967391f5d481db102c5703f3655",
    "https://deno.land/x/froebel@v0.21.3/nullish.ts": "49fb37d9f78dbe4d3d432fb6a8b84ddfa913498ec8c16f11c06e6fc038817df7",
    "https://deno.land/x/froebel@v0.21.3/nullishChain.ts": "92fcc92edfd4edc075e33297d1e2969709c837ff5fd485647dcfa2f83c328270",
    "https://deno.land/x/froebel@v0.21.3/object.ts": "eac634748a98e057ee3540867da505a70ffee5e276103979d19e74961283a829",
    "https://deno.land/x/froebel@v0.21.3/omit.ts": "992363dbb29bed1caaf395c40a987fc90efa34713a0815cae7ea6b8fd17a38bf",
    "https://deno.land/x/froebel@v0.21.3/oneOf.ts": "c7cde1e33b79beb9ac7090a63349cde9ee290d39714eaa5ea8e2dc63783ed130",
    "https://deno.land/x/froebel@v0.21.3/partial.ts": "9ca6740435801c867b2b4daadbb3fb44f842d48e3faa36febd09b304b993d380",
    "https://deno.land/x/froebel@v0.21.3/partition.ts": "a4b027d21d38487b1fb5109fde73f2981e7edddace4e9343af97c6ec99e1afd5",
    "https://deno.land/x/froebel@v0.21.3/path.ts": "283b90a5828556a353d9007215df3e5fb167a54c80cbb99073ca7f539f8550ad",
    "https://deno.land/x/froebel@v0.21.3/pick.ts": "7ea319aebfaf49ece80818dddd05917f66db0cef1d949de6ab8f624006eb84d6",
    "https://deno.land/x/froebel@v0.21.3/pipe.ts": "df7a84893d0f50742ff7508d9bb2a4aa6be6108795606eb82cec8292e38fac7c",
    "https://deno.land/x/froebel@v0.21.3/predicate.ts": "f2b37eb6bba2a9b3da40af693f3fca1c9d6c1b142e6343800c2a56bde6284c74",
    "https://deno.land/x/froebel@v0.21.3/prefix.ts": "75f3b3f97cab422bcaa5e220687de0ba0e749659bb4adb03fb14cea12ddb5b7f",
    "https://deno.land/x/froebel@v0.21.3/promise.ts": "85654766431126d69283636b8bb6bc0e9f3ad836e4953474ea746739bd60dae4",
    "https://deno.land/x/froebel@v0.21.3/promisify.ts": "adbe85f6903eaa03d0b732a00afc49a314d28c916a5bc24dca696117acf63c92",
    "https://deno.land/x/froebel@v0.21.3/queue.ts": "be83dd781c36df034813d82e9e23cf35914c9108369bdb163c8229f3daef3a34",
    "https://deno.land/x/froebel@v0.21.3/range.ts": "42412ff57579935771ee2aa4b0fb69fe657c9f7db1a01088bc35b106f82688ca",
    "https://deno.land/x/froebel@v0.21.3/repeat.ts": "2e5f07acc8018b10a175762cd4489def7665cebafce8c8b6e6faa79609e1d980",
    "https://deno.land/x/froebel@v0.21.3/select.ts": "d9ad47bcd6b88cf72f3a2045cae56132e13be1f6f72da6af849ad6dedf1904fc",
    "https://deno.land/x/froebel@v0.21.3/settled.ts": "b7b717a8be14fc8b74fb2c697ba1e7f96394b35c7029165f628f99b1000c758c",
    "https://deno.land/x/froebel@v0.21.3/shuffle.ts": "13622d2ea4fd269f7de00b3164d6c78a60b837ca5cfe841c3a3ced1339b52745",
    "https://deno.land/x/froebel@v0.21.3/sortedArray.ts": "f3e64f23fe6466dd01ed889714b340f0f45f41f85f8d69cf7b5473984b4520c2",
    "https://deno.land/x/froebel@v0.21.3/sortedMap.ts": "dbb2dbe0832e528df67d2bcf6a56f660fe1294787c0f29349c05e227fd6fdad9",
    "https://deno.land/x/froebel@v0.21.3/string.ts": "6044ce16d994c29563aef1315c722b2e9bab2f41ef1f7064c9fc4042289cfcae",
    "https://deno.land/x/froebel@v0.21.3/suffix.ts": "f3eb6431564b31b595ba4eb0991274736bf648b51beff9bfa2264c8f6558c99c",
    "https://deno.land/x/froebel@v0.21.3/surround.ts": "a63871c80d9c73e5809217db922531236634093aa3dbfef6aaabc457ecee89dc",
    "https://deno.land/x/froebel@v0.21.3/take.ts": "2c25e521e2cf562f205d3236c24953dc0e18912a9d2e0b524e5ca172c17586ac",
    "https://deno.land/x/froebel@v0.21.3/throttle.ts": "aa76b46c26168cf77a6f77e24d34cf54a10dce306ac53e82c258f159f5693f35",
    "https://deno.land/x/froebel@v0.21.3/truthy.ts": "5eac9bccb98f95f0c2eb5637ade8e5d3ba0caaa33806743d750a6f99f543a81d",
    "https://deno.land/x/froebel@v0.21.3/types.ts": "330c4d65fab8fc358270d3511416458668e4c1b4b27521e17839c23142420ff6",
    "https://deno.land/x/froebel@v0.21.3/unzip.ts": "e0824fe0ae624fd574c3ed61b6136bdda2dd13b2ff4c50c09eff39d1e2cb68b5",
    "https://deno.land/x/froebel@v0.21.3/zip.ts": "7e0013e479d23d1dbb6b1c174bf2d343228751c21c0458fd026a128861f7e970",
    "https://deno.land/x/zod@v3.19.1/ZodError.ts": "bd013373ed0cb47621d18df2abb8709a231166806821d76a84d31cad7068379e",
    "https://deno.land/x/zod@v3.19.1/errors.ts": "5285922d2be9700cc0c70c95e4858952b07ae193aa0224be3cbd5cd5567eabef",
    "https://deno.land/x/zod@v3.19.1/external.ts": "584f70718e55ae2660d18a552f9c3a5d022f8153aa43e6537f2c2738d6808d42",
    "https://deno.land/x/zod@v3.19.1/helpers/enumUtil.ts": "54efc393cc9860e687d8b81ff52e980def00fa67377ad0bf8b3104f8a5bf698c",
    "https://deno.land/x/zod@v3.19.1/helpers/errorUtil.ts": "7a77328240be7b847af6de9189963bd9f79cab32bbc61502a9db4fe6683e2ea7",
    "https://deno.land/x/zod@v3.19.1/helpers/parseUtil.ts": "920a5623929a4be9110412f82d16ccda537a58e153c942a6d6b8a38329f293a1",
    "https://deno.land/x/zod@v3.19.1/helpers/partialUtil.ts": "8dc921a02b47384cf52217c7e539268daf619f89319b75bdf13ea178815725df",
    "https://deno.land/x/zod@v3.19.1/helpers/typeAliases.ts": "a1a8d039eb98925f242f5ea1e21e6d3cabd7f05e9747680165c914695c979b4f",
    "https://deno.land/x/zod@v3.19.1/helpers/util.ts": "27765b9fbf843da59fcc16dccd6478976051b483769ec8e8376ac051bbac4a02",
    "https://deno.land/x/zod@v3.19.1/index.ts": "035a7422d9f2be54daa0fe464254b69225b443000673e4794095d672471e8792",
    "https://deno.land/x/zod@v3.19.1/locales/en.ts": "152ea350b7df6ce14f2806fc8c0972f56c9b2de6a3dd1129795287f50dee4374",
    "https://deno.land/x/zod@v3.19.1/mod.ts": "64e55237cb4410e17d968cd08975566059f27638ebb0b86048031b987ba251c4",
    "https://deno.land/x/zod@v3.19.1/types.ts": "ab062fe1640d2172f49ca593fb325a22f8927145201f29b02b62353c79db2501"
  }
}
